{
    "_meta": {
        "hash": {
            "sha256": "40d19739a97ad7e0af648b494dc6d20a6814f97d334604d3418015981269feb9"
        },
        "pipfile-spec": 6,
        "requires": {
            "python_version": "3.13"
        },
        "sources": [
            {
                "name": "pypi",
                "url": "https://pypi.org/simple",
                "verify_ssl": true
            }
        ]
    },
    "default": {
        "dnspython": {
            "hashes": [
                "sha256:01d9bbc4a2d76bf0db7c1f729812ded6d912bd318d3b1cf81d30c0f845dbf3af",
                "sha256:181d3c6996452cb1189c4046c61599b84a5a86e099562ffde77d26984ff26d0f"
            ],
            "markers": "python_version >= '3.10'",
            "version": "==2.8.0"
        },
        "pymongo": {
            "hashes": [
                "sha256:07bcc36d11252f24fe671e7e64044d39a13d997b0502c6401161f28cc144f584",
                "sha256:09440e78dff397b2f34a624f445ac8eb44c9756a2688b85b3bf344d351d198e1",
                "sha256:1246a82fa6dd73ac2c63aa7e463752d5d1ca91e0c7a23396b78f21273befd3a7",
                "sha256:17d13458baf4a6a9f2e787d95adf8ec50d412accb9926a044bd1c41029c323b2",
                "sha256:17fc94d1e067556b122eeb09e25c003268e8c0ea1f2f78e745b33bb59a1209c4",
                "sha256:1f681722c9f27e86c49c2e8a838e61b6ecf2285945fd1798bd01458134257834",
                "sha256:21c0a95a4db72562fd0805e2f76496bf432ba2e27a5651f4b9c670466260c258",
                "sha256:292fd5a3f045751a823a54cdea75809b2216a62cc5f74a1a96b337db613d46a8",
                "sha256:2c96dde79bdccd167b930a709875b0cd4321ac32641a490aebfa10bdcd0aa99b",
                "sha256:2f3d66f7c495efc3cfffa611b36075efe86da1860a7df75522a6fe499ee10383",
                "sha256:2fd3b99520f2bb013960ac29dece1b43f2f1b6d94351ca33ba1b1211ecf79a09",
                "sha256:300eaf83ad053e51966be1839324341b08eaf880d3dc63ada7942d5912e09c49",
                "sha256:3561fa96c3123275ec5ccf919e595547e100c412ec0894e954aa0da93ecfdb9e",
                "sha256:390c4954c774eda280898e73aea36482bf20cba3ecb958dbb86d6a68b9ecdd68",
                "sha256:39a13d8f7141294404ce46dfbabb2f2d17e9b1192456651ae831fa351f86fbeb",
                "sha256:446417a34ff6c2411ce3809e17ce9a67269c9f1cb4966b01e49e0c590cc3c6b3",
                "sha256:45aebbd369ca79b7c46eaea5b04d2e4afca4eda117b68965a07a9da05d774e4d",
                "sha256:47ffb068e16ae5e43580d5c4e3b9437f05414ea80c32a1e5cac44a835859c259",
                "sha256:482ca9b775747562ce1589df10c97a0e62a604ce5addf933e5819dd967c5e23c",
                "sha256:49fd6e158cf75771b2685a8a221a40ab96010ae34dd116abd06371dc6c38ab60",
                "sha256:4a0a054e9937ec8fdb465835509b176f6b032851c8648f6a5d1b19932d0eacd6",
                "sha256:52f40c4b8c00bc53d4e357fe0de13d031c4cddb5d201e1a027db437e8d2887f8",
                "sha256:58d0f4123855f05c0649f9b8ee083acc5b26e7f4afde137cd7b8dc03e9107ff3",
                "sha256:5bf879a6ed70264574d4d8fb5a467c2a64dc76ecd72c0cb467c4464f849c8c77",
                "sha256:5c78237e878e0296130e398151b0d4aa6c9eaf82e38fb6e0aaae2029bc7ef0ce",
                "sha256:5c85a4c72b7965033f95c94c42dac27d886c01dbc23fe337ccb14f052a0ccc29",
                "sha256:5f6feb678f26171f2a6b2cbb340949889154c7067972bd4cc129b62161474f08",
                "sha256:6a054d282dd922ac400b6f47ea3ef58d8b940968d76d855da831dc739b7a04de",
                "sha256:71413cd8f091ae25b1fec3af7c2e531cf9bdb88ce4079470e64835f6a664282a",
                "sha256:76a8d4de8dceb69f6e06736198ff6f7e1149515ef946f192ff2594d2cc98fc53",
                "sha256:77353978be9fc9e5fe56369682efed0aac5f92a2a1570704d62b62a3c9e1a24f",
                "sha256:7a981271347623b5319932796690c2d301668ac3a1965974ac9f5c3b8a22cea5",
                "sha256:7c0fd3de3a12ff0a8113a3f64cedb01f87397ab8eaaffa88d7f18ca66cd39385",
                "sha256:7dd2a49f088890ca08930bbf96121443b48e26b02b84ba0a3e1ae2bf2c5a9b48",
                "sha256:82a490f1ade4ec6a72068e3676b04c126e3043e69b38ec474a87c6444cf79098",
                "sha256:86b1b5b63f4355adffc329733733a9b71fdad88f37a9dc41e163aed2130f9abc",
                "sha256:89e45d7fa987f4e246cdf43ff001e3f911f73eb19ba9dabc2a6d80df5c97883b",
                "sha256:8bd6dd736f5d07a825caf52c38916d5452edc0fac7aee43ec67aba6f61c2dbb7",
                "sha256:8d4b01a48369ea6d5bc83fea535f56279f806aa3e4991189f0477696dd736289",
                "sha256:90ad56bd1d769d2f44af74f0fd0c276512361644a3c636350447994412cbc9a1",
                "sha256:9483521c03f6017336f54445652ead3145154e8d3ea06418e52cea57fee43292",
                "sha256:959ef69c5e687b6b749fbf2140c7062abdb4804df013ae0507caabf30cba6875",
                "sha256:97f9babdb98c31676f97d468f7fe2dc49b8a66fb6900effddc4904c1450196c8",
                "sha256:982107c667921e896292f4be09c057e2f1a40c645c9bfc724af5dd5fb8398094",
                "sha256:9897a837677e3814873d0572f7e5d53c23ce18e274f3b5b87f05fb6eea22615b",
                "sha256:9b03db2fe37c950aff94b29ded5c349b23729bccd90a0a5907bbf807d8c77298",
                "sha256:9bc9f99e7702fdb0dcc3ff1dd490adc5d20b3941ad41e58f887d4998b9922a14",
                "sha256:9df2db6bd91b07400879b6ec89827004c0c2b55fc606bb62db93cafb7677c340",
                "sha256:a47a3218f7900f65bf0f36fcd1f2485af4945757360e7e143525db9d715d2010",
                "sha256:b33d59bf6fa1ca1d7d96d4fccff51e41312358194190d53ef70a84c070f5287e",
                "sha256:b3a0ec660d61efb91c16a5962ec937011fe3572c4338216831f102e53d294e5c",
                "sha256:b63bac343b79bd209e830aac1f5d9d552ff415f23a924d3e51abbe3041265436",
                "sha256:bd0497c564b0ae34fb816464ffc09986dd9ca29e2772a0f7af989e472fecc2ad",
                "sha256:c4fdd8e6eab8ff77c1c8041792b5f760d48508623cd10b50d5639e73f1eec049",
                "sha256:c57dad9f289d72af1d7c47a444c4d9fa401f951cedbbcc54c7dd0c2107d6d786",
                "sha256:c7eb497519f42ac89c30919a51f80e68a070cfc2f3b0543cac74833cd45a6b9c",
                "sha256:cfa4a0a0f024a0336640e1201994e780a17bda5e6a7c0b4d23841eb9152e868b",
                "sha256:d09d895c7f08bcbed4d2e96a00e52e9e545ae5a37b32d2dc10099b205a21fc6d",
                "sha256:d2d4ca446348d850ac4a5c3dc603485640ae2e7805dbb90765c3ba7d79129b37",
                "sha256:d66da207ccb0d68c5792eaaac984a0d9c6c8ec609c6bcfa11193a35200dc5992",
                "sha256:dc583a1130e2516440b93bb2ecb55cfdac6d5373615ae472a9d1f26801f58749",
                "sha256:dcff15b9157c16bc796765d4d3d151df669322acfb0357e4c3ccd056153f0ff4",
                "sha256:de3bc878c3be54ae41c2cabc9e9407549ed4fec41f4e279c04e840dddd7c630c",
                "sha256:e7cde58ef6470c0da922b65e885fb1ffe04deef81e526bd5dea429290fa358ca",
                "sha256:e84dec392cf5f72d365e0aac73f627b0a3170193ebb038c3f7e7df11b7983ee7",
                "sha256:f6b0513e5765fdde39f36e6a29a36c67071122b5efa748940ae51075beb5e4bc",
                "sha256:fae552767d8e5153ed498f1bca92d905d0d46311d831eefb0f06de38f7695c95",
                "sha256:fb384623ece34db78d445dd578a52d28b74e8319f4d9535fbaff79d0eae82b3d",
                "sha256:fe4bcb8acfb288e238190397d4a699aeb4adb70e8545a6f4e44f99d4e8096ab1",
                "sha256:ff99864085d2c7f4bb672c7167680ceb7d273e9a93c1a8074c986a36dbb71cc6",
                "sha256:ffe217d2502f3fba4e2b0dc015ce3b34f157b66dfe96835aa64432e909dd0d95"
            ],
            "index": "pypi",
            "markers": "python_version >= '3.9'",
            "version": "==4.15.3"
        },
        "python-dotenv": {
            "hashes": [
                "sha256:31f23644fe2602f88ff55e1f5c79ba497e01224ee7737937930c448e4d0e24dc",
                "sha256:a8a6399716257f45be6a007360200409fce5cda2661e3dec71d23dc15f6189ab"
            ],
            "index": "pypi",
            "markers": "python_version >= '3.9'",
            "version": "==1.1.1"
        }
    },
    "develop": {}
}
